
Microsoft Visual Studio Solution File, Format Version 12.00
# Visual Studio Version 17
VisualStudioVersion = 17.3.32929.385
MinimumVisualStudioVersion = 10.0.40219.1
Project("{FAE04EC0-301F-11D3-BF4B-00C04F79EFBC}") = "OGbuda", "OGbuda\OGbuda.csproj", "{9883C156-C27E-43AC-95AD-A6CC655D9267}"
EndProject
Global
	GlobalSection(SolutionConfigurationPlatforms) = preSolution
		Debug|Any CPU = Debug|Any CPU
		Release|Any CPU = Release|Any CPU
	EndGlobalSection
	GlobalSection(ProjectConfigurationPlatforms) = postSolution
		{9883C156-C27E-43AC-95AD-A6CC655D9267}.Debug|Any CPU.ActiveCfg = Debug|Any CPU
		{9883C156-C27E-43AC-95AD-A6CC655D9267}.Debug|Any CPU.Build.0 = Debug|Any CPU
		{9883C156-C27E-43AC-95AD-A6CC655D9267}.Release|Any CPU.ActiveCfg = Release|Any CPU
		{9883C156-C27E-43AC-95AD-A6CC655D9267}.Release|Any CPU.Build.0 = Release|Any CPU
	EndGlobalSection
	GlobalSection(SolutionProperties) = preSolution
		HideSolutionNode = FALSE
	EndGlobalSection
	GlobalSection(ExtensibilityGlobals) = postSolution
		SolutionGuid = {46CAA6B6-B2E7-4DCB-9629-EFA25D8A2A15}
	EndGlobalSection
EndGlobal
